# generated by rye
# use `rye lock` or `rye sync` to update this lockfile
#
# last locked with the following flags:
#   pre: false
#   features: []
#   all-features: false
#   with-sources: false

-e file:.
annotated-types==0.6.0
    # via pydantic
autoflake==2.3.0
    # via autoimport
autoimport==1.4.0
beet==0.103.1
    # via bubblellaneous
black==24.2.0
case-converter==1.1.0
    # via bubblellaneous
click==8.1.7
    # via autoimport
    # via beet
    # via black
    # via click-help-colors
    # via maison
click-help-colors==0.9.4
    # via beet
colorama==0.4.6
    # via bubblellaneous
jinja2==3.1.3
    # via beet
maison==1.4.3
    # via autoimport
markupsafe==2.1.5
    # via jinja2
mergedeep==1.3.4
    # via bubblellaneous
mypy-extensions==1.0.0
    # via black
nbtlib==1.12.1
    # via beet
numpy==1.26.4
    # via nbtlib
packaging==23.2
    # via black
pathspec==0.11.2
    # via beet
    # via black
platformdirs==4.2.0
    # via black
pydantic==2.6.1
    # via beet
    # via maison
pydantic-core==2.16.2
    # via pydantic
pyflakes==3.2.0
    # via autoflake
pyprojroot==0.3.0
    # via autoimport
pyyaml==6.0.1
    # via beet
sh==2.0.6
    # via autoimport
toml==0.10.2
    # via beet
    # via maison
typing-extensions==4.9.0
    # via beet
    # via pydantic
    # via pydantic-core
    # via pyprojroot
xdg==6.0.0
    # via autoimport
